
Microsoft Visual Studio Solution File, Format Version 12.00
# Visual Studio 15
VisualStudioVersion = 15.0.28307.852
MinimumVisualStudioVersion = 10.0.40219.1
Project("{FAE04EC0-301F-11D3-BF4B-00C04F79EFBC}") = "UmbracoDemo", "UmbracoDemo\UmbracoDemo.csproj", "{3B3BC357-D113-4BAF-B3A1-93BD3B0AE696}"
EndProject
Project("{FAE04EC0-301F-11D3-BF4B-00C04F79EFBC}") = "Tinifier.Core", "Tinifier.Core\Tinifier.Core.csproj", "{C42AA4EF-E38B-43C5-9D08-BF768C4B8E0E}"
EndProject
Global
	GlobalSection(SolutionConfigurationPlatforms) = preSolution
		Debug|Any CPU = Debug|Any CPU
		Release|Any CPU = Release|Any CPU
	EndGlobalSection
	GlobalSection(ProjectConfigurationPlatforms) = postSolution
		{3B3BC357-D113-4BAF-B3A1-93BD3B0AE696}.Debug|Any CPU.ActiveCfg = Debug|Any CPU
		{3B3BC357-D113-4BAF-B3A1-93BD3B0AE696}.Debug|Any CPU.Build.0 = Debug|Any CPU
		{3B3BC357-D113-4BAF-B3A1-93BD3B0AE696}.Release|Any CPU.ActiveCfg = Release|Any CPU
		{3B3BC357-D113-4BAF-B3A1-93BD3B0AE696}.Release|Any CPU.Build.0 = Release|Any CPU
		{C42AA4EF-E38B-43C5-9D08-BF768C4B8E0E}.Debug|Any CPU.ActiveCfg = Debug|Any CPU
		{C42AA4EF-E38B-43C5-9D08-BF768C4B8E0E}.Debug|Any CPU.Build.0 = Debug|Any CPU
		{C42AA4EF-E38B-43C5-9D08-BF768C4B8E0E}.Release|Any CPU.ActiveCfg = Release|Any CPU
		{C42AA4EF-E38B-43C5-9D08-BF768C4B8E0E}.Release|Any CPU.Build.0 = Release|Any CPU
	EndGlobalSection
	GlobalSection(SolutionProperties) = preSolution
		HideSolutionNode = FALSE
	EndGlobalSection
	GlobalSection(ExtensibilityGlobals) = postSolution
		SolutionGuid = {4725C72B-BAF0-42D2-8F2C-C6217384AE1F}
	EndGlobalSection
EndGlobal
